
Microsoft Visual Studio Solution File, Format Version 12.00
# Visual Studio Version 16
VisualStudioVersion = 16.0.30804.86
MinimumVisualStudioVersion = 10.0.40219.1
Project("{FAE04EC0-301F-11D3-BF4B-00C04F79EFBC}") = "simpleCrudonAdventureWorksDB", "simpleCrudonAdventureWorksDB\simpleCrudonAdventureWorksDB.csproj", "{F7CBA04C-D3C7-4C9B-89AE-D1E9D18044B3}"
EndProject
Global
	GlobalSection(SolutionConfigurationPlatforms) = preSolution
		Debug|Any CPU = Debug|Any CPU
		Release|Any CPU = Release|Any CPU
	EndGlobalSection
	GlobalSection(ProjectConfigurationPlatforms) = postSolution
		{F7CBA04C-D3C7-4C9B-89AE-D1E9D18044B3}.Debug|Any CPU.ActiveCfg = Debug|Any CPU
		{F7CBA04C-D3C7-4C9B-89AE-D1E9D18044B3}.Debug|Any CPU.Build.0 = Debug|Any CPU
		{F7CBA04C-D3C7-4C9B-89AE-D1E9D18044B3}.Release|Any CPU.ActiveCfg = Release|Any CPU
		{F7CBA04C-D3C7-4C9B-89AE-D1E9D18044B3}.Release|Any CPU.Build.0 = Release|Any CPU
	EndGlobalSection
	GlobalSection(SolutionProperties) = preSolution
		HideSolutionNode = FALSE
	EndGlobalSection
	GlobalSection(ExtensibilityGlobals) = postSolution
		SolutionGuid = {7A80545F-A5CD-42A9-907C-B7F5F2875FF6}
	EndGlobalSection
EndGlobal
